
Microsoft Visual Studio Solution File, Format Version 12.00
# Visual Studio 15
VisualStudioVersion = 15.0.27428.2037
MinimumVisualStudioVersion = 10.0.40219.1
Project("{8BC9CEB8-8B4A-11D0-8D11-00A0C91BC942}") = "KonyA3", "KonyA3\KonyA3.vcxproj", "{FE55B056-27DF-485D-A1C6-C292D137C45E}"
EndProject
Global
	GlobalSection(SolutionConfigurationPlatforms) = preSolution
		Debug|x64 = Debug|x64
		Debug|x86 = Debug|x86
		Release|x64 = Release|x64
		Release|x86 = Release|x86
	EndGlobalSection
	GlobalSection(ProjectConfigurationPlatforms) = postSolution
		{FE55B056-27DF-485D-A1C6-C292D137C45E}.Debug|x64.ActiveCfg = Debug|x64
		{FE55B056-27DF-485D-A1C6-C292D137C45E}.Debug|x64.Build.0 = Debug|x64
		{FE55B056-27DF-485D-A1C6-C292D137C45E}.Debug|x86.ActiveCfg = Debug|Win32
		{FE55B056-27DF-485D-A1C6-C292D137C45E}.Debug|x86.Build.0 = Debug|Win32
		{FE55B056-27DF-485D-A1C6-C292D137C45E}.Release|x64.ActiveCfg = Release|x64
		{FE55B056-27DF-485D-A1C6-C292D137C45E}.Release|x64.Build.0 = Release|x64
		{FE55B056-27DF-485D-A1C6-C292D137C45E}.Release|x86.ActiveCfg = Release|Win32
		{FE55B056-27DF-485D-A1C6-C292D137C45E}.Release|x86.Build.0 = Release|Win32
	EndGlobalSection
	GlobalSection(SolutionProperties) = preSolution
		HideSolutionNode = FALSE
	EndGlobalSection
	GlobalSection(ExtensibilityGlobals) = postSolution
		SolutionGuid = {1D59404B-B9F6-4072-AB23-DB0D7C242D69}
	EndGlobalSection
EndGlobal
